
Microsoft Visual Studio Solution File, Format Version 12.00
# Visual Studio Version 17
VisualStudioVersion = 17.0.31912.275
MinimumVisualStudioVersion = 10.0.40219.1
Project("{9A19103F-16F7-4668-BE54-9A1E7A4F7556}") = "Quick.Protocol", "Quick.Protocol\Quick.Protocol.csproj", "{6619CA9C-B91C-4343-AA7D-4EFE91BEC57E}"
EndProject
Project("{9A19103F-16F7-4668-BE54-9A1E7A4F7556}") = "Quick.Protocol.Tcp", "Quick.Protocol.Tcp\Quick.Protocol.Tcp.csproj", "{D664193E-A22D-4CF6-A43E-635DBA1CFE81}"
EndProject
Project("{2150E333-8FDC-42A3-9474-1A3956D46DE8}") = "Test", "Test", "{4D8B91B9-A589-478E-B579-185AE878E575}"
EndProject
Project("{2150E333-8FDC-42A3-9474-1A3956D46DE8}") = "Tcp", "Tcp", "{73B65686-9267-4700-8103-B9253E63313A}"
EndProject
Project("{2150E333-8FDC-42A3-9474-1A3956D46DE8}") = "Pipeline", "Pipeline", "{A1E3CB19-806D-41DF-B69C-60684B5442FD}"
EndProject
Project("{9A19103F-16F7-4668-BE54-9A1E7A4F7556}") = "Quick.Protocol.Pipeline", "Quick.Protocol.Pipeline\Quick.Protocol.Pipeline.csproj", "{B0BAC93B-DE2E-47EC-BEEA-604AD1AC7621}"
EndProject
Project("{9A19103F-16F7-4668-BE54-9A1E7A4F7556}") = "PipelineServer", "Test\Pipeline\PipelineServer\PipelineServer.csproj", "{731BE575-F97E-4326-8F97-61791F548C2B}"
EndProject
Project("{9A19103F-16F7-4668-BE54-9A1E7A4F7556}") = "PipelineClient", "Test\Pipeline\PipelineClient\PipelineClient.csproj", "{CB49EFEF-1545-42D1-9F24-1BB53872BD6F}"
EndProject
Project("{9A19103F-16F7-4668-BE54-9A1E7A4F7556}") = "TcpServer", "Test\Tcp\TcpServer\TcpServer.csproj", "{72597688-2D08-4247-B129-385605A19E26}"
EndProject
Project("{9A19103F-16F7-4668-BE54-9A1E7A4F7556}") = "TcpClient", "Test\Tcp\TcpClient\TcpClient.csproj", "{D4C20C80-5392-4FAC-9C6F-890495F97DBE}"
EndProject
Project("{9A19103F-16F7-4668-BE54-9A1E7A4F7556}") = "Quick.Protocol.SerialPort", "Quick.Protocol.SerialPort\Quick.Protocol.SerialPort.csproj", "{2FF529DD-E1AD-4C72-8230-1AB8C1392AC9}"
EndProject
Project("{2150E333-8FDC-42A3-9474-1A3956D46DE8}") = "SerialPort", "SerialPort", "{6EE0A7C9-1DF1-4499-975D-6276BEC3DFC3}"
EndProject
Project("{9A19103F-16F7-4668-BE54-9A1E7A4F7556}") = "SerialPortServer", "Test\SerialPort\SerialPortServer\SerialPortServer.csproj", "{2D62DE50-0210-4B3F-8970-862F2866223E}"
EndProject
Project("{9A19103F-16F7-4668-BE54-9A1E7A4F7556}") = "SerialPortClient", "Test\SerialPort\SerialPortClient\SerialPortClient.csproj", "{73C50152-A625-4106-8CAF-472D6FA64CD1}"
EndProject
Project("{2150E333-8FDC-42A3-9474-1A3956D46DE8}") = "WebSocket", "WebSocket", "{434DDF1C-3D83-4B5B-856D-5608C40B58DA}"
EndProject
Project("{9A19103F-16F7-4668-BE54-9A1E7A4F7556}") = "WebSocketClient", "Test\WebSocket\WebSocketClient\WebSocketClient.csproj", "{FCAFBAC5-6C59-47EE-8200-615C967C0475}"
EndProject
Project("{9A19103F-16F7-4668-BE54-9A1E7A4F7556}") = "Quick.Protocol.WebSocket.Client", "Quick.Protocol.WebSocket.Client\Quick.Protocol.WebSocket.Client.csproj", "{3F8A2D9A-B8FA-46DD-8536-D659A5C96B47}"
EndProject
Project("{9A19103F-16F7-4668-BE54-9A1E7A4F7556}") = "Quick.Protocol.WebSocket.Server.AspNetCore", "Quick.Protocol.WebSocket.Server.AspNetCore\Quick.Protocol.WebSocket.Server.AspNetCore.csproj", "{87E8FE3B-18F2-4CF1-8642-BE3158C30734}"
EndProject
Project("{9A19103F-16F7-4668-BE54-9A1E7A4F7556}") = "WebApplication1", "Test\WebSocket\WebApplication1\WebApplication1.csproj", "{39497212-8529-4418-9D6E-ED9FC546699D}"
EndProject
Project("{9A19103F-16F7-4668-BE54-9A1E7A4F7556}") = "QpTestClient", "QpTestClient\QpTestClient.csproj", "{371967E0-628F-41F7-8983-BA4088CEC9D2}"
EndProject
Project("{2150E333-8FDC-42A3-9474-1A3956D46DE8}") = "Console", "Console", "{8E34D46D-9D1D-40D1-89CD-DCE8EE07F958}"
EndProject
Project("{9A19103F-16F7-4668-BE54-9A1E7A4F7556}") = "ConsoleTest", "Test\ConsoleTest\ConsoleTest.csproj", "{18B3BC1D-D5F9-4D54-81C2-4B4EF3898AF3}"
EndProject
Project("{FAE04EC0-301F-11D3-BF4B-00C04F79EFBC}") = "Quick.Protocol.InterfaceService", "Quick.Protocol.InterfaceService\Quick.Protocol.InterfaceService.csproj", "{D0692938-6902-4692-B045-9910C8C62D3B}"
EndProject
Project("{FAE04EC0-301F-11D3-BF4B-00C04F79EFBC}") = "Quick.Protocol.Http.Client", "Quick.Protocol.Http.Client\Quick.Protocol.Http.Client.csproj", "{2A7ECA36-7FE1-4B46-A4A8-4A6C0F11EB5B}"
EndProject
Project("{FAE04EC0-301F-11D3-BF4B-00C04F79EFBC}") = "Quick.Protocol.Http.Server.AspNetCore", "Quick.Protocol.Http.Server.AspNetCore\Quick.Protocol.Http.Server.AspNetCore.csproj", "{994B8F88-CAC7-40EF-A187-88E358EB93B4}"
EndProject
Project("{2150E333-8FDC-42A3-9474-1A3956D46DE8}") = "Http", "Http", "{0A5ABE96-DE44-A228-ED24-80FC5EF5F5E3}"
EndProject
Project("{FAE04EC0-301F-11D3-BF4B-00C04F79EFBC}") = "QpHttpClient", "Test\Http\QpHttpClient\QpHttpClient.csproj", "{4BD0B9B6-341D-4EFB-953F-A4B48CC50FF6}"
EndProject
Project("{FAE04EC0-301F-11D3-BF4B-00C04F79EFBC}") = "QpHttpServer", "Test\Http\QpHttpServer\QpHttpServer.csproj", "{5989A06C-0685-4B64-8ABB-3088E4702280}"
EndProject
Global
	GlobalSection(SolutionConfigurationPlatforms) = preSolution
		Debug|Any CPU = Debug|Any CPU
		Debug|x64 = Debug|x64
		Debug|x86 = Debug|x86
		Release|Any CPU = Release|Any CPU
		Release|x64 = Release|x64
		Release|x86 = Release|x86
	EndGlobalSection
	GlobalSection(ProjectConfigurationPlatforms) = postSolution
		{6619CA9C-B91C-4343-AA7D-4EFE91BEC57E}.Debug|Any CPU.ActiveCfg = Debug|Any CPU
		{6619CA9C-B91C-4343-AA7D-4EFE91BEC57E}.Debug|Any CPU.Build.0 = Debug|Any CPU
		{6619CA9C-B91C-4343-AA7D-4EFE91BEC57E}.Debug|x64.ActiveCfg = Debug|Any CPU
		{6619CA9C-B91C-4343-AA7D-4EFE91BEC57E}.Debug|x64.Build.0 = Debug|Any CPU
		{6619CA9C-B91C-4343-AA7D-4EFE91BEC57E}.Debug|x86.ActiveCfg = Debug|Any CPU
		{6619CA9C-B91C-4343-AA7D-4EFE91BEC57E}.Debug|x86.Build.0 = Debug|Any CPU
		{6619CA9C-B91C-4343-AA7D-4EFE91BEC57E}.Release|Any CPU.ActiveCfg = Release|Any CPU
		{6619CA9C-B91C-4343-AA7D-4EFE91BEC57E}.Release|Any CPU.Build.0 = Release|Any CPU
		{6619CA9C-B91C-4343-AA7D-4EFE91BEC57E}.Release|x64.ActiveCfg = Release|Any CPU
		{6619CA9C-B91C-4343-AA7D-4EFE91BEC57E}.Release|x64.Build.0 = Release|Any CPU
		{6619CA9C-B91C-4343-AA7D-4EFE91BEC57E}.Release|x86.ActiveCfg = Release|Any CPU
		{6619CA9C-B91C-4343-AA7D-4EFE91BEC57E}.Release|x86.Build.0 = Release|Any CPU
		{D664193E-A22D-4CF6-A43E-635DBA1CFE81}.Debug|Any CPU.ActiveCfg = Debug|Any CPU
		{D664193E-A22D-4CF6-A43E-635DBA1CFE81}.Debug|Any CPU.Build.0 = Debug|Any CPU
		{D664193E-A22D-4CF6-A43E-635DBA1CFE81}.Debug|x64.ActiveCfg = Debug|Any CPU
		{D664193E-A22D-4CF6-A43E-635DBA1CFE81}.Debug|x64.Build.0 = Debug|Any CPU
		{D664193E-A22D-4CF6-A43E-635DBA1CFE81}.Debug|x86.ActiveCfg = Debug|Any CPU
		{D664193E-A22D-4CF6-A43E-635DBA1CFE81}.Debug|x86.Build.0 = Debug|Any CPU
		{D664193E-A22D-4CF6-A43E-635DBA1CFE81}.Release|Any CPU.ActiveCfg = Release|Any CPU
		{D664193E-A22D-4CF6-A43E-635DBA1CFE81}.Release|Any CPU.Build.0 = Release|Any CPU
		{D664193E-A22D-4CF6-A43E-635DBA1CFE81}.Release|x64.ActiveCfg = Release|Any CPU
		{D664193E-A22D-4CF6-A43E-635DBA1CFE81}.Release|x64.Build.0 = Release|Any CPU
		{D664193E-A22D-4CF6-A43E-635DBA1CFE81}.Release|x86.ActiveCfg = Release|Any CPU
		{D664193E-A22D-4CF6-A43E-635DBA1CFE81}.Release|x86.Build.0 = Release|Any CPU
		{B0BAC93B-DE2E-47EC-BEEA-604AD1AC7621}.Debug|Any CPU.ActiveCfg = Debug|Any CPU
		{B0BAC93B-DE2E-47EC-BEEA-604AD1AC7621}.Debug|Any CPU.Build.0 = Debug|Any CPU
		{B0BAC93B-DE2E-47EC-BEEA-604AD1AC7621}.Debug|x64.ActiveCfg = Debug|Any CPU
		{B0BAC93B-DE2E-47EC-BEEA-604AD1AC7621}.Debug|x64.Build.0 = Debug|Any CPU
		{B0BAC93B-DE2E-47EC-BEEA-604AD1AC7621}.Debug|x86.ActiveCfg = Debug|Any CPU
		{B0BAC93B-DE2E-47EC-BEEA-604AD1AC7621}.Debug|x86.Build.0 = Debug|Any CPU
		{B0BAC93B-DE2E-47EC-BEEA-604AD1AC7621}.Release|Any CPU.ActiveCfg = Release|Any CPU
		{B0BAC93B-DE2E-47EC-BEEA-604AD1AC7621}.Release|Any CPU.Build.0 = Release|Any CPU
		{B0BAC93B-DE2E-47EC-BEEA-604AD1AC7621}.Release|x64.ActiveCfg = Release|Any CPU
		{B0BAC93B-DE2E-47EC-BEEA-604AD1AC7621}.Release|x64.Build.0 = Release|Any CPU
		{B0BAC93B-DE2E-47EC-BEEA-604AD1AC7621}.Release|x86.ActiveCfg = Release|Any CPU
		{B0BAC93B-DE2E-47EC-BEEA-604AD1AC7621}.Release|x86.Build.0 = Release|Any CPU
		{731BE575-F97E-4326-8F97-61791F548C2B}.Debug|Any CPU.ActiveCfg = Debug|Any CPU
		{731BE575-F97E-4326-8F97-61791F548C2B}.Debug|Any CPU.Build.0 = Debug|Any CPU
		{731BE575-F97E-4326-8F97-61791F548C2B}.Debug|x64.ActiveCfg = Debug|Any CPU
		{731BE575-F97E-4326-8F97-61791F548C2B}.Debug|x64.Build.0 = Debug|Any CPU
		{731BE575-F97E-4326-8F97-61791F548C2B}.Debug|x86.ActiveCfg = Debug|Any CPU
		{731BE575-F97E-4326-8F97-61791F548C2B}.Debug|x86.Build.0 = Debug|Any CPU
		{731BE575-F97E-4326-8F97-61791F548C2B}.Release|Any CPU.ActiveCfg = Release|Any CPU
		{731BE575-F97E-4326-8F97-61791F548C2B}.Release|Any CPU.Build.0 = Release|Any CPU
		{731BE575-F97E-4326-8F97-61791F548C2B}.Release|x64.ActiveCfg = Release|Any CPU
		{731BE575-F97E-4326-8F97-61791F548C2B}.Release|x64.Build.0 = Release|Any CPU
		{731BE575-F97E-4326-8F97-61791F548C2B}.Release|x86.ActiveCfg = Release|Any CPU
		{731BE575-F97E-4326-8F97-61791F548C2B}.Release|x86.Build.0 = Release|Any CPU
		{CB49EFEF-1545-42D1-9F24-1BB53872BD6F}.Debug|Any CPU.ActiveCfg = Debug|Any CPU
		{CB49EFEF-1545-42D1-9F24-1BB53872BD6F}.Debug|Any CPU.Build.0 = Debug|Any CPU
		{CB49EFEF-1545-42D1-9F24-1BB53872BD6F}.Debug|x64.ActiveCfg = Debug|Any CPU
		{CB49EFEF-1545-42D1-9F24-1BB53872BD6F}.Debug|x64.Build.0 = Debug|Any CPU
		{CB49EFEF-1545-42D1-9F24-1BB53872BD6F}.Debug|x86.ActiveCfg = Debug|Any CPU
		{CB49EFEF-1545-42D1-9F24-1BB53872BD6F}.Debug|x86.Build.0 = Debug|Any CPU
		{CB49EFEF-1545-42D1-9F24-1BB53872BD6F}.Release|Any CPU.ActiveCfg = Release|Any CPU
		{CB49EFEF-1545-42D1-9F24-1BB53872BD6F}.Release|Any CPU.Build.0 = Release|Any CPU
		{CB49EFEF-1545-42D1-9F24-1BB53872BD6F}.Release|x64.ActiveCfg = Release|Any CPU
		{CB49EFEF-1545-42D1-9F24-1BB53872BD6F}.Release|x64.Build.0 = Release|Any CPU
		{CB49EFEF-1545-42D1-9F24-1BB53872BD6F}.Release|x86.ActiveCfg = Release|Any CPU
		{CB49EFEF-1545-42D1-9F24-1BB53872BD6F}.Release|x86.Build.0 = Release|Any CPU
		{72597688-2D08-4247-B129-385605A19E26}.Debug|Any CPU.ActiveCfg = Debug|Any CPU
		{72597688-2D08-4247-B129-385605A19E26}.Debug|Any CPU.Build.0 = Debug|Any CPU
		{72597688-2D08-4247-B129-385605A19E26}.Debug|x64.ActiveCfg = Debug|Any CPU
		{72597688-2D08-4247-B129-385605A19E26}.Debug|x64.Build.0 = Debug|Any CPU
		{72597688-2D08-4247-B129-385605A19E26}.Debug|x86.ActiveCfg = Debug|Any CPU
		{72597688-2D08-4247-B129-385605A19E26}.Debug|x86.Build.0 = Debug|Any CPU
		{72597688-2D08-4247-B129-385605A19E26}.Release|Any CPU.ActiveCfg = Release|Any CPU
		{72597688-2D08-4247-B129-385605A19E26}.Release|Any CPU.Build.0 = Release|Any CPU
		{72597688-2D08-4247-B129-385605A19E26}.Release|x64.ActiveCfg = Release|Any CPU
		{72597688-2D08-4247-B129-385605A19E26}.Release|x64.Build.0 = Release|Any CPU
		{72597688-2D08-4247-B129-385605A19E26}.Release|x86.ActiveCfg = Release|Any CPU
		{72597688-2D08-4247-B129-385605A19E26}.Release|x86.Build.0 = Release|Any CPU
		{D4C20C80-5392-4FAC-9C6F-890495F97DBE}.Debug|Any CPU.ActiveCfg = Debug|Any CPU
		{D4C20C80-5392-4FAC-9C6F-890495F97DBE}.Debug|Any CPU.Build.0 = Debug|Any CPU
		{D4C20C80-5392-4FAC-9C6F-890495F97DBE}.Debug|x64.ActiveCfg = Debug|Any CPU
		{D4C20C80-5392-4FAC-9C6F-890495F97DBE}.Debug|x64.Build.0 = Debug|Any CPU
		{D4C20C80-5392-4FAC-9C6F-890495F97DBE}.Debug|x86.ActiveCfg = Debug|Any CPU
		{D4C20C80-5392-4FAC-9C6F-890495F97DBE}.Debug|x86.Build.0 = Debug|Any CPU
		{D4C20C80-5392-4FAC-9C6F-890495F97DBE}.Release|Any CPU.ActiveCfg = Release|Any CPU
		{D4C20C80-5392-4FAC-9C6F-890495F97DBE}.Release|Any CPU.Build.0 = Release|Any CPU
		{D4C20C80-5392-4FAC-9C6F-890495F97DBE}.Release|x64.ActiveCfg = Release|Any CPU
		{D4C20C80-5392-4FAC-9C6F-890495F97DBE}.Release|x64.Build.0 = Release|Any CPU
		{D4C20C80-5392-4FAC-9C6F-890495F97DBE}.Release|x86.ActiveCfg = Release|Any CPU
		{D4C20C80-5392-4FAC-9C6F-890495F97DBE}.Release|x86.Build.0 = Release|Any CPU
		{2FF529DD-E1AD-4C72-8230-1AB8C1392AC9}.Debug|Any CPU.ActiveCfg = Debug|Any CPU
		{2FF529DD-E1AD-4C72-8230-1AB8C1392AC9}.Debug|Any CPU.Build.0 = Debug|Any CPU
		{2FF529DD-E1AD-4C72-8230-1AB8C1392AC9}.Debug|x64.ActiveCfg = Debug|Any CPU
		{2FF529DD-E1AD-4C72-8230-1AB8C1392AC9}.Debug|x64.Build.0 = Debug|Any CPU
		{2FF529DD-E1AD-4C72-8230-1AB8C1392AC9}.Debug|x86.ActiveCfg = Debug|Any CPU
		{2FF529DD-E1AD-4C72-8230-1AB8C1392AC9}.Debug|x86.Build.0 = Debug|Any CPU
		{2FF529DD-E1AD-4C72-8230-1AB8C1392AC9}.Release|Any CPU.ActiveCfg = Release|Any CPU
		{2FF529DD-E1AD-4C72-8230-1AB8C1392AC9}.Release|Any CPU.Build.0 = Release|Any CPU
		{2FF529DD-E1AD-4C72-8230-1AB8C1392AC9}.Release|x64.ActiveCfg = Release|Any CPU
		{2FF529DD-E1AD-4C72-8230-1AB8C1392AC9}.Release|x64.Build.0 = Release|Any CPU
		{2FF529DD-E1AD-4C72-8230-1AB8C1392AC9}.Release|x86.ActiveCfg = Release|Any CPU
		{2FF529DD-E1AD-4C72-8230-1AB8C1392AC9}.Release|x86.Build.0 = Release|Any CPU
		{2D62DE50-0210-4B3F-8970-862F2866223E}.Debug|Any CPU.ActiveCfg = Debug|Any CPU
		{2D62DE50-0210-4B3F-8970-862F2866223E}.Debug|Any CPU.Build.0 = Debug|Any CPU
		{2D62DE50-0210-4B3F-8970-862F2866223E}.Debug|x64.ActiveCfg = Debug|Any CPU
		{2D62DE50-0210-4B3F-8970-862F2866223E}.Debug|x64.Build.0 = Debug|Any CPU
		{2D62DE50-0210-4B3F-8970-862F2866223E}.Debug|x86.ActiveCfg = Debug|Any CPU
		{2D62DE50-0210-4B3F-8970-862F2866223E}.Debug|x86.Build.0 = Debug|Any CPU
		{2D62DE50-0210-4B3F-8970-862F2866223E}.Release|Any CPU.ActiveCfg = Release|Any CPU
		{2D62DE50-0210-4B3F-8970-862F2866223E}.Release|Any CPU.Build.0 = Release|Any CPU
		{2D62DE50-0210-4B3F-8970-862F2866223E}.Release|x64.ActiveCfg = Release|Any CPU
		{2D62DE50-0210-4B3F-8970-862F2866223E}.Release|x64.Build.0 = Release|Any CPU
		{2D62DE50-0210-4B3F-8970-862F2866223E}.Release|x86.ActiveCfg = Release|Any CPU
		{2D62DE50-0210-4B3F-8970-862F2866223E}.Release|x86.Build.0 = Release|Any CPU
		{73C50152-A625-4106-8CAF-472D6FA64CD1}.Debug|Any CPU.ActiveCfg = Debug|Any CPU
		{73C50152-A625-4106-8CAF-472D6FA64CD1}.Debug|Any CPU.Build.0 = Debug|Any CPU
		{73C50152-A625-4106-8CAF-472D6FA64CD1}.Debug|x64.ActiveCfg = Debug|Any CPU
		{73C50152-A625-4106-8CAF-472D6FA64CD1}.Debug|x64.Build.0 = Debug|Any CPU
		{73C50152-A625-4106-8CAF-472D6FA64CD1}.Debug|x86.ActiveCfg = Debug|Any CPU
		{73C50152-A625-4106-8CAF-472D6FA64CD1}.Debug|x86.Build.0 = Debug|Any CPU
		{73C50152-A625-4106-8CAF-472D6FA64CD1}.Release|Any CPU.ActiveCfg = Release|Any CPU
		{73C50152-A625-4106-8CAF-472D6FA64CD1}.Release|Any CPU.Build.0 = Release|Any CPU
		{73C50152-A625-4106-8CAF-472D6FA64CD1}.Release|x64.ActiveCfg = Release|Any CPU
		{73C50152-A625-4106-8CAF-472D6FA64CD1}.Release|x64.Build.0 = Release|Any CPU
		{73C50152-A625-4106-8CAF-472D6FA64CD1}.Release|x86.ActiveCfg = Release|Any CPU
		{73C50152-A625-4106-8CAF-472D6FA64CD1}.Release|x86.Build.0 = Release|Any CPU
		{FCAFBAC5-6C59-47EE-8200-615C967C0475}.Debug|Any CPU.ActiveCfg = Debug|Any CPU
		{FCAFBAC5-6C59-47EE-8200-615C967C0475}.Debug|Any CPU.Build.0 = Debug|Any CPU
		{FCAFBAC5-6C59-47EE-8200-615C967C0475}.Debug|x64.ActiveCfg = Debug|Any CPU
		{FCAFBAC5-6C59-47EE-8200-615C967C0475}.Debug|x64.Build.0 = Debug|Any CPU
		{FCAFBAC5-6C59-47EE-8200-615C967C0475}.Debug|x86.ActiveCfg = Debug|Any CPU
		{FCAFBAC5-6C59-47EE-8200-615C967C0475}.Debug|x86.Build.0 = Debug|Any CPU
		{FCAFBAC5-6C59-47EE-8200-615C967C0475}.Release|Any CPU.ActiveCfg = Release|Any CPU
		{FCAFBAC5-6C59-47EE-8200-615C967C0475}.Release|Any CPU.Build.0 = Release|Any CPU
		{FCAFBAC5-6C59-47EE-8200-615C967C0475}.Release|x64.ActiveCfg = Release|Any CPU
		{FCAFBAC5-6C59-47EE-8200-615C967C0475}.Release|x64.Build.0 = Release|Any CPU
		{FCAFBAC5-6C59-47EE-8200-615C967C0475}.Release|x86.ActiveCfg = Release|Any CPU
		{FCAFBAC5-6C59-47EE-8200-615C967C0475}.Release|x86.Build.0 = Release|Any CPU
		{3F8A2D9A-B8FA-46DD-8536-D659A5C96B47}.Debug|Any CPU.ActiveCfg = Debug|Any CPU
		{3F8A2D9A-B8FA-46DD-8536-D659A5C96B47}.Debug|Any CPU.Build.0 = Debug|Any CPU
		{3F8A2D9A-B8FA-46DD-8536-D659A5C96B47}.Debug|x64.ActiveCfg = Debug|Any CPU
		{3F8A2D9A-B8FA-46DD-8536-D659A5C96B47}.Debug|x64.Build.0 = Debug|Any CPU
		{3F8A2D9A-B8FA-46DD-8536-D659A5C96B47}.Debug|x86.ActiveCfg = Debug|Any CPU
		{3F8A2D9A-B8FA-46DD-8536-D659A5C96B47}.Debug|x86.Build.0 = Debug|Any CPU
		{3F8A2D9A-B8FA-46DD-8536-D659A5C96B47}.Release|Any CPU.ActiveCfg = Release|Any CPU
		{3F8A2D9A-B8FA-46DD-8536-D659A5C96B47}.Release|Any CPU.Build.0 = Release|Any CPU
		{3F8A2D9A-B8FA-46DD-8536-D659A5C96B47}.Release|x64.ActiveCfg = Release|Any CPU
		{3F8A2D9A-B8FA-46DD-8536-D659A5C96B47}.Release|x64.Build.0 = Release|Any CPU
		{3F8A2D9A-B8FA-46DD-8536-D659A5C96B47}.Release|x86.ActiveCfg = Release|Any CPU
		{3F8A2D9A-B8FA-46DD-8536-D659A5C96B47}.Release|x86.Build.0 = Release|Any CPU
		{87E8FE3B-18F2-4CF1-8642-BE3158C30734}.Debug|Any CPU.ActiveCfg = Debug|Any CPU
		{87E8FE3B-18F2-4CF1-8642-BE3158C30734}.Debug|Any CPU.Build.0 = Debug|Any CPU
		{87E8FE3B-18F2-4CF1-8642-BE3158C30734}.Debug|x64.ActiveCfg = Debug|Any CPU
		{87E8FE3B-18F2-4CF1-8642-BE3158C30734}.Debug|x64.Build.0 = Debug|Any CPU
		{87E8FE3B-18F2-4CF1-8642-BE3158C30734}.Debug|x86.ActiveCfg = Debug|Any CPU
		{87E8FE3B-18F2-4CF1-8642-BE3158C30734}.Debug|x86.Build.0 = Debug|Any CPU
		{87E8FE3B-18F2-4CF1-8642-BE3158C30734}.Release|Any CPU.ActiveCfg = Release|Any CPU
		{87E8FE3B-18F2-4CF1-8642-BE3158C30734}.Release|Any CPU.Build.0 = Release|Any CPU
		{87E8FE3B-18F2-4CF1-8642-BE3158C30734}.Release|x64.ActiveCfg = Release|Any CPU
		{87E8FE3B-18F2-4CF1-8642-BE3158C30734}.Release|x64.Build.0 = Release|Any CPU
		{87E8FE3B-18F2-4CF1-8642-BE3158C30734}.Release|x86.ActiveCfg = Release|Any CPU
		{87E8FE3B-18F2-4CF1-8642-BE3158C30734}.Release|x86.Build.0 = Release|Any CPU
		{39497212-8529-4418-9D6E-ED9FC546699D}.Debug|Any CPU.ActiveCfg = Debug|Any CPU
		{39497212-8529-4418-9D6E-ED9FC546699D}.Debug|Any CPU.Build.0 = Debug|Any CPU
		{39497212-8529-4418-9D6E-ED9FC546699D}.Debug|x64.ActiveCfg = Debug|Any CPU
		{39497212-8529-4418-9D6E-ED9FC546699D}.Debug|x64.Build.0 = Debug|Any CPU
		{39497212-8529-4418-9D6E-ED9FC546699D}.Debug|x86.ActiveCfg = Debug|Any CPU
		{39497212-8529-4418-9D6E-ED9FC546699D}.Debug|x86.Build.0 = Debug|Any CPU
		{39497212-8529-4418-9D6E-ED9FC546699D}.Release|Any CPU.ActiveCfg = Release|Any CPU
		{39497212-8529-4418-9D6E-ED9FC546699D}.Release|Any CPU.Build.0 = Release|Any CPU
		{39497212-8529-4418-9D6E-ED9FC546699D}.Release|x64.ActiveCfg = Release|Any CPU
		{39497212-8529-4418-9D6E-ED9FC546699D}.Release|x64.Build.0 = Release|Any CPU
		{39497212-8529-4418-9D6E-ED9FC546699D}.Release|x86.ActiveCfg = Release|Any CPU
		{39497212-8529-4418-9D6E-ED9FC546699D}.Release|x86.Build.0 = Release|Any CPU
		{371967E0-628F-41F7-8983-BA4088CEC9D2}.Debug|Any CPU.ActiveCfg = Debug|Any CPU
		{371967E0-628F-41F7-8983-BA4088CEC9D2}.Debug|Any CPU.Build.0 = Debug|Any CPU
		{371967E0-628F-41F7-8983-BA4088CEC9D2}.Debug|x64.ActiveCfg = Debug|Any CPU
		{371967E0-628F-41F7-8983-BA4088CEC9D2}.Debug|x64.Build.0 = Debug|Any CPU
		{371967E0-628F-41F7-8983-BA4088CEC9D2}.Debug|x86.ActiveCfg = Debug|Any CPU
		{371967E0-628F-41F7-8983-BA4088CEC9D2}.Debug|x86.Build.0 = Debug|Any CPU
		{371967E0-628F-41F7-8983-BA4088CEC9D2}.Release|Any CPU.ActiveCfg = Release|Any CPU
		{371967E0-628F-41F7-8983-BA4088CEC9D2}.Release|Any CPU.Build.0 = Release|Any CPU
		{371967E0-628F-41F7-8983-BA4088CEC9D2}.Release|x64.ActiveCfg = Release|Any CPU
		{371967E0-628F-41F7-8983-BA4088CEC9D2}.Release|x64.Build.0 = Release|Any CPU
		{371967E0-628F-41F7-8983-BA4088CEC9D2}.Release|x86.ActiveCfg = Release|Any CPU
		{371967E0-628F-41F7-8983-BA4088CEC9D2}.Release|x86.Build.0 = Release|Any CPU
		{18B3BC1D-D5F9-4D54-81C2-4B4EF3898AF3}.Debug|Any CPU.ActiveCfg = Debug|Any CPU
		{18B3BC1D-D5F9-4D54-81C2-4B4EF3898AF3}.Debug|Any CPU.Build.0 = Debug|Any CPU
		{18B3BC1D-D5F9-4D54-81C2-4B4EF3898AF3}.Debug|x64.ActiveCfg = Debug|Any CPU
		{18B3BC1D-D5F9-4D54-81C2-4B4EF3898AF3}.Debug|x64.Build.0 = Debug|Any CPU
		{18B3BC1D-D5F9-4D54-81C2-4B4EF3898AF3}.Debug|x86.ActiveCfg = Debug|Any CPU
		{18B3BC1D-D5F9-4D54-81C2-4B4EF3898AF3}.Debug|x86.Build.0 = Debug|Any CPU
		{18B3BC1D-D5F9-4D54-81C2-4B4EF3898AF3}.Release|Any CPU.ActiveCfg = Release|Any CPU
		{18B3BC1D-D5F9-4D54-81C2-4B4EF3898AF3}.Release|Any CPU.Build.0 = Release|Any CPU
		{18B3BC1D-D5F9-4D54-81C2-4B4EF3898AF3}.Release|x64.ActiveCfg = Release|Any CPU
		{18B3BC1D-D5F9-4D54-81C2-4B4EF3898AF3}.Release|x64.Build.0 = Release|Any CPU
		{18B3BC1D-D5F9-4D54-81C2-4B4EF3898AF3}.Release|x86.ActiveCfg = Release|Any CPU
		{18B3BC1D-D5F9-4D54-81C2-4B4EF3898AF3}.Release|x86.Build.0 = Release|Any CPU
		{D0692938-6902-4692-B045-9910C8C62D3B}.Debug|Any CPU.ActiveCfg = Debug|Any CPU
		{D0692938-6902-4692-B045-9910C8C62D3B}.Debug|Any CPU.Build.0 = Debug|Any CPU
		{D0692938-6902-4692-B045-9910C8C62D3B}.Debug|x64.ActiveCfg = Debug|Any CPU
		{D0692938-6902-4692-B045-9910C8C62D3B}.Debug|x64.Build.0 = Debug|Any CPU
		{D0692938-6902-4692-B045-9910C8C62D3B}.Debug|x86.ActiveCfg = Debug|Any CPU
		{D0692938-6902-4692-B045-9910C8C62D3B}.Debug|x86.Build.0 = Debug|Any CPU
		{D0692938-6902-4692-B045-9910C8C62D3B}.Release|Any CPU.ActiveCfg = Release|Any CPU
		{D0692938-6902-4692-B045-9910C8C62D3B}.Release|Any CPU.Build.0 = Release|Any CPU
		{D0692938-6902-4692-B045-9910C8C62D3B}.Release|x64.ActiveCfg = Release|Any CPU
		{D0692938-6902-4692-B045-9910C8C62D3B}.Release|x64.Build.0 = Release|Any CPU
		{D0692938-6902-4692-B045-9910C8C62D3B}.Release|x86.ActiveCfg = Release|Any CPU
		{D0692938-6902-4692-B045-9910C8C62D3B}.Release|x86.Build.0 = Release|Any CPU
		{2A7ECA36-7FE1-4B46-A4A8-4A6C0F11EB5B}.Debug|Any CPU.ActiveCfg = Debug|Any CPU
		{2A7ECA36-7FE1-4B46-A4A8-4A6C0F11EB5B}.Debug|Any CPU.Build.0 = Debug|Any CPU
		{2A7ECA36-7FE1-4B46-A4A8-4A6C0F11EB5B}.Debug|x64.ActiveCfg = Debug|Any CPU
		{2A7ECA36-7FE1-4B46-A4A8-4A6C0F11EB5B}.Debug|x64.Build.0 = Debug|Any CPU
		{2A7ECA36-7FE1-4B46-A4A8-4A6C0F11EB5B}.Debug|x86.ActiveCfg = Debug|Any CPU
		{2A7ECA36-7FE1-4B46-A4A8-4A6C0F11EB5B}.Debug|x86.Build.0 = Debug|Any CPU
		{2A7ECA36-7FE1-4B46-A4A8-4A6C0F11EB5B}.Release|Any CPU.ActiveCfg = Release|Any CPU
		{2A7ECA36-7FE1-4B46-A4A8-4A6C0F11EB5B}.Release|Any CPU.Build.0 = Release|Any CPU
		{2A7ECA36-7FE1-4B46-A4A8-4A6C0F11EB5B}.Release|x64.ActiveCfg = Release|Any CPU
		{2A7ECA36-7FE1-4B46-A4A8-4A6C0F11EB5B}.Release|x64.Build.0 = Release|Any CPU
		{2A7ECA36-7FE1-4B46-A4A8-4A6C0F11EB5B}.Release|x86.ActiveCfg = Release|Any CPU
		{2A7ECA36-7FE1-4B46-A4A8-4A6C0F11EB5B}.Release|x86.Build.0 = Release|Any CPU
		{994B8F88-CAC7-40EF-A187-88E358EB93B4}.Debug|Any CPU.ActiveCfg = Debug|Any CPU
		{994B8F88-CAC7-40EF-A187-88E358EB93B4}.Debug|Any CPU.Build.0 = Debug|Any CPU
		{994B8F88-CAC7-40EF-A187-88E358EB93B4}.Debug|x64.ActiveCfg = Debug|Any CPU
		{994B8F88-CAC7-40EF-A187-88E358EB93B4}.Debug|x64.Build.0 = Debug|Any CPU
		{994B8F88-CAC7-40EF-A187-88E358EB93B4}.Debug|x86.ActiveCfg = Debug|Any CPU
		{994B8F88-CAC7-40EF-A187-88E358EB93B4}.Debug|x86.Build.0 = Debug|Any CPU
		{994B8F88-CAC7-40EF-A187-88E358EB93B4}.Release|Any CPU.ActiveCfg = Release|Any CPU
		{994B8F88-CAC7-40EF-A187-88E358EB93B4}.Release|Any CPU.Build.0 = Release|Any CPU
		{994B8F88-CAC7-40EF-A187-88E358EB93B4}.Release|x64.ActiveCfg = Release|Any CPU
		{994B8F88-CAC7-40EF-A187-88E358EB93B4}.Release|x64.Build.0 = Release|Any CPU
		{994B8F88-CAC7-40EF-A187-88E358EB93B4}.Release|x86.ActiveCfg = Release|Any CPU
		{994B8F88-CAC7-40EF-A187-88E358EB93B4}.Release|x86.Build.0 = Release|Any CPU
		{4BD0B9B6-341D-4EFB-953F-A4B48CC50FF6}.Debug|Any CPU.ActiveCfg = Debug|Any CPU
		{4BD0B9B6-341D-4EFB-953F-A4B48CC50FF6}.Debug|Any CPU.Build.0 = Debug|Any CPU
		{4BD0B9B6-341D-4EFB-953F-A4B48CC50FF6}.Debug|x64.ActiveCfg = Debug|Any CPU
		{4BD0B9B6-341D-4EFB-953F-A4B48CC50FF6}.Debug|x64.Build.0 = Debug|Any CPU
		{4BD0B9B6-341D-4EFB-953F-A4B48CC50FF6}.Debug|x86.ActiveCfg = Debug|Any CPU
		{4BD0B9B6-341D-4EFB-953F-A4B48CC50FF6}.Debug|x86.Build.0 = Debug|Any CPU
		{4BD0B9B6-341D-4EFB-953F-A4B48CC50FF6}.Release|Any CPU.ActiveCfg = Release|Any CPU
		{4BD0B9B6-341D-4EFB-953F-A4B48CC50FF6}.Release|Any CPU.Build.0 = Release|Any CPU
		{4BD0B9B6-341D-4EFB-953F-A4B48CC50FF6}.Release|x64.ActiveCfg = Release|Any CPU
		{4BD0B9B6-341D-4EFB-953F-A4B48CC50FF6}.Release|x64.Build.0 = Release|Any CPU
		{4BD0B9B6-341D-4EFB-953F-A4B48CC50FF6}.Release|x86.ActiveCfg = Release|Any CPU
		{4BD0B9B6-341D-4EFB-953F-A4B48CC50FF6}.Release|x86.Build.0 = Release|Any CPU
		{5989A06C-0685-4B64-8ABB-3088E4702280}.Debug|Any CPU.ActiveCfg = Debug|Any CPU
		{5989A06C-0685-4B64-8ABB-3088E4702280}.Debug|Any CPU.Build.0 = Debug|Any CPU
		{5989A06C-0685-4B64-8ABB-3088E4702280}.Debug|x64.ActiveCfg = Debug|Any CPU
		{5989A06C-0685-4B64-8ABB-3088E4702280}.Debug|x64.Build.0 = Debug|Any CPU
		{5989A06C-0685-4B64-8ABB-3088E4702280}.Debug|x86.ActiveCfg = Debug|Any CPU
		{5989A06C-0685-4B64-8ABB-3088E4702280}.Debug|x86.Build.0 = Debug|Any CPU
		{5989A06C-0685-4B64-8ABB-3088E4702280}.Release|Any CPU.ActiveCfg = Release|Any CPU
		{5989A06C-0685-4B64-8ABB-3088E4702280}.Release|Any CPU.Build.0 = Release|Any CPU
		{5989A06C-0685-4B64-8ABB-3088E4702280}.Release|x64.ActiveCfg = Release|Any CPU
		{5989A06C-0685-4B64-8ABB-3088E4702280}.Release|x64.Build.0 = Release|Any CPU
		{5989A06C-0685-4B64-8ABB-3088E4702280}.Release|x86.ActiveCfg = Release|Any CPU
		{5989A06C-0685-4B64-8ABB-3088E4702280}.Release|x86.Build.0 = Release|Any CPU
	EndGlobalSection
	GlobalSection(SolutionProperties) = preSolution
		HideSolutionNode = FALSE
	EndGlobalSection
	GlobalSection(NestedProjects) = preSolution
		{73B65686-9267-4700-8103-B9253E63313A} = {4D8B91B9-A589-478E-B579-185AE878E575}
		{A1E3CB19-806D-41DF-B69C-60684B5442FD} = {4D8B91B9-A589-478E-B579-185AE878E575}
		{731BE575-F97E-4326-8F97-61791F548C2B} = {A1E3CB19-806D-41DF-B69C-60684B5442FD}
		{CB49EFEF-1545-42D1-9F24-1BB53872BD6F} = {A1E3CB19-806D-41DF-B69C-60684B5442FD}
		{72597688-2D08-4247-B129-385605A19E26} = {73B65686-9267-4700-8103-B9253E63313A}
		{D4C20C80-5392-4FAC-9C6F-890495F97DBE} = {73B65686-9267-4700-8103-B9253E63313A}
		{6EE0A7C9-1DF1-4499-975D-6276BEC3DFC3} = {4D8B91B9-A589-478E-B579-185AE878E575}
		{2D62DE50-0210-4B3F-8970-862F2866223E} = {6EE0A7C9-1DF1-4499-975D-6276BEC3DFC3}
		{73C50152-A625-4106-8CAF-472D6FA64CD1} = {6EE0A7C9-1DF1-4499-975D-6276BEC3DFC3}
		{434DDF1C-3D83-4B5B-856D-5608C40B58DA} = {4D8B91B9-A589-478E-B579-185AE878E575}
		{FCAFBAC5-6C59-47EE-8200-615C967C0475} = {434DDF1C-3D83-4B5B-856D-5608C40B58DA}
		{39497212-8529-4418-9D6E-ED9FC546699D} = {434DDF1C-3D83-4B5B-856D-5608C40B58DA}
		{8E34D46D-9D1D-40D1-89CD-DCE8EE07F958} = {4D8B91B9-A589-478E-B579-185AE878E575}
		{18B3BC1D-D5F9-4D54-81C2-4B4EF3898AF3} = {8E34D46D-9D1D-40D1-89CD-DCE8EE07F958}
		{0A5ABE96-DE44-A228-ED24-80FC5EF5F5E3} = {4D8B91B9-A589-478E-B579-185AE878E575}
		{4BD0B9B6-341D-4EFB-953F-A4B48CC50FF6} = {0A5ABE96-DE44-A228-ED24-80FC5EF5F5E3}
		{5989A06C-0685-4B64-8ABB-3088E4702280} = {0A5ABE96-DE44-A228-ED24-80FC5EF5F5E3}
	EndGlobalSection
	GlobalSection(ExtensibilityGlobals) = postSolution
		SolutionGuid = {EBE52E31-F20D-4366-8517-584BCD5F79FF}
	EndGlobalSection
EndGlobal
